{
  "name": "single-portal-prototype",
  "version": "1.0.0",
  "lockfileVersion": 3,
  "requires": true,
  "packages": {
    "": {
      "name": "single-portal-prototype",
      "version": "1.0.0",
      "license": "MIT",
      "dependencies": {
        "@easepick/bundle": "^1.2.1",
        "nunjucks": "^3.2.4"
      }
    },
    "node_modules/@easepick/amp-plugin": {
      "version": "1.2.1",
      "resolved": "https://registry.npmjs.org/@easepick/amp-plugin/-/amp-plugin-1.2.1.tgz",
      "integrity": "sha512-LbGd7RU+fiucxTqJnBpT5SwACX1BoEK4yi1joLqN50O57jpN0jQMMvDO/vp/F4Zr8MO6kwaamRmOXhqo/Vb4aw==",
      "dependencies": {
        "@easepick/base-plugin": "^1.1.0"
      }
    },
    "node_modules/@easepick/base-plugin": {
      "version": "1.2.1",
      "resolved": "https://registry.npmjs.org/@easepick/base-plugin/-/base-plugin-1.2.1.tgz",
      "integrity": "sha512-aonBQaRyZwNH/gmPzSzZDVjQjgy/rxWd+TXnM0E3Nxkeu4yMbXV+GnWVQbBwTvJx74M7iSCHJowdmZ5T46B7Vg==",
      "dependencies": {
        "@easepick/core": "^1.1.0"
      }
    },
    "node_modules/@easepick/bundle": {
      "version": "1.2.1",
      "resolved": "https://registry.npmjs.org/@easepick/bundle/-/bundle-1.2.1.tgz",
      "integrity": "sha512-M9DGu7rrIltbTEPuBfc8fTOdK1E2CjTIiSqXmVRcof/peDnDC7U7h3XaTx7nbB0gq4HUTUO8BKHrofPC0jPqSw==",
      "dependencies": {
        "@easepick/amp-plugin": "^1.1.0",
        "@easepick/base-plugin": "^1.1.0",
        "@easepick/core": "^1.1.0",
        "@easepick/datetime": "^1.1.0",
        "@easepick/kbd-plugin": "^1.1.0",
        "@easepick/lock-plugin": "^1.1.0",
        "@easepick/preset-plugin": "^1.1.0",
        "@easepick/range-plugin": "^1.1.0",
        "@easepick/time-plugin": "^1.1.0"
      }
    },
    "node_modules/@easepick/core": {
      "version": "1.2.1",
      "resolved": "https://registry.npmjs.org/@easepick/core/-/core-1.2.1.tgz",
      "integrity": "sha512-V/blEia/ykAq+0mnQ9djOU5wvMZ+iffL5iuQrKLObpMOw38kL/qo4inH4pCbB3wm7sDjrJTuDKf+6+FrgdFGsw==",
      "dependencies": {
        "@easepick/datetime": "^1.1.0"
      }
    },
    "node_modules/@easepick/datetime": {
      "version": "1.2.1",
      "resolved": "https://registry.npmjs.org/@easepick/datetime/-/datetime-1.2.1.tgz",
      "integrity": "sha512-KIUvWo/kEipwBqPTazjfUf6R7dKb2ztPizPoB/0ZMYz3HrWJptsLSZQma3R1nM/zkaexnk/e4L4nX+vDjwBtYA=="
    },
    "node_modules/@easepick/kbd-plugin": {
      "version": "1.2.1",
      "resolved": "https://registry.npmjs.org/@easepick/kbd-plugin/-/kbd-plugin-1.2.1.tgz",
      "integrity": "sha512-t/bEtKuvAbo9b9iw4J5h5DsGYEL4Wm2sLA2VzR2rvmMfJuo1extktgzw2eCy+w6Q/s4ObdKzhXLnjMvFeiJ8Xg==",
      "dependencies": {
        "@easepick/base-plugin": "^1.1.0"
      }
    },
    "node_modules/@easepick/lock-plugin": {
      "version": "1.2.1",
      "resolved": "https://registry.npmjs.org/@easepick/lock-plugin/-/lock-plugin-1.2.1.tgz",
      "integrity": "sha512-6sJCdliMpnQtzL9dwznS9vYaQUy66VRKPZ+jFdVR1ohiNUVM6C7dSGdG3dPntVTywTy2Z9uU+yJOeWcVFDT61A==",
      "dependencies": {
        "@easepick/base-plugin": "^1.1.0"
      }
    },
    "node_modules/@easepick/preset-plugin": {
      "version": "1.2.1",
      "resolved": "https://registry.npmjs.org/@easepick/preset-plugin/-/preset-plugin-1.2.1.tgz",
      "integrity": "sha512-VAnjyWpf39kXTR6DYbpCJIBeBhbOgRoNTqntpSb5uF9O398KuHUpIM4Ep1id3fTIlfnRrKxzp54rAFwvc48eCA==",
      "dependencies": {
        "@easepick/base-plugin": "^1.1.0",
        "@easepick/range-plugin": "^1.1.0"
      }
    },
    "node_modules/@easepick/range-plugin": {
      "version": "1.2.1",
      "resolved": "https://registry.npmjs.org/@easepick/range-plugin/-/range-plugin-1.2.1.tgz",
      "integrity": "sha512-yEHLUq32Kj0exLz4txxchALQVJUbwyXvnovfN7yxTrCJLpi6uMmPXcW4lyYig2P9+xM9JqF6JsNqOsi0+5GlHQ==",
      "dependencies": {
        "@easepick/base-plugin": "^1.1.0"
      }
    },
    "node_modules/@easepick/time-plugin": {
      "version": "1.2.1",
      "resolved": "https://registry.npmjs.org/@easepick/time-plugin/-/time-plugin-1.2.1.tgz",
      "integrity": "sha512-mjynAAppLxlqiDSdHdkBEqi4A67CH17FqO3UH2n6mfAIKPZLQA7R8Y6jEkp+Fpl5tj0/HFqdrk82ceiYYnLFYw==",
      "dependencies": {
        "@easepick/base-plugin": "^1.1.0"
      }
    },
    "node_modules/a-sync-waterfall": {
      "version": "1.0.1",
      "resolved": "https://registry.npmjs.org/a-sync-waterfall/-/a-sync-waterfall-1.0.1.tgz",
      "integrity": "sha512-RYTOHHdWipFUliRFMCS4X2Yn2X8M87V/OpSqWzKKOGhzqyUxzyVmhHDH9sAvG+ZuQf/TAOFsLCpMw09I1ufUnA=="
    },
    "node_modules/asap": {
      "version": "2.0.6",
      "resolved": "https://registry.npmjs.org/asap/-/asap-2.0.6.tgz",
      "integrity": "sha512-BSHWgDSAiKs50o2Re8ppvp3seVHXSRM44cdSsT9FfNEUUZLOGWVCsiWaRPWM1Znn+mqZ1OfVZ3z3DWEzSp7hRA=="
    },
    "node_modules/commander": {
      "version": "5.1.0",
      "resolved": "https://registry.npmjs.org/commander/-/commander-5.1.0.tgz",
      "integrity": "sha512-P0CysNDQ7rtVw4QIQtm+MRxV66vKFSvlsQvGYXZWR3qFU0jlMKHZZZgw8e+8DSah4UDKMqnknRDQz+xuQXQ/Zg==",
      "engines": {
        "node": ">= 6"
      }
    },
    "node_modules/nunjucks": {
      "version": "3.2.4",
      "resolved": "https://registry.npmjs.org/nunjucks/-/nunjucks-3.2.4.tgz",
      "integrity": "sha512-26XRV6BhkgK0VOxfbU5cQI+ICFUtMLixv1noZn1tGU38kQH5A5nmmbk/O45xdyBhD1esk47nKrY0mvQpZIhRjQ==",
      "dependencies": {
        "a-sync-waterfall": "^1.0.0",
        "asap": "^2.0.3",
        "commander": "^5.1.0"
      },
      "bin": {
        "nunjucks-precompile": "bin/precompile"
      },
      "engines": {
        "node": ">= 6.9.0"
      },
      "peerDependencies": {
        "chokidar": "^3.3.0"
      },
      "peerDependenciesMeta": {
        "chokidar": {
          "optional": true
        }
      }
    }
  }
}
